
Microsoft Visual Studio Solution File, Format Version 12.00
# Visual Studio 14
VisualStudioVersion = 14.0.24720.0
MinimumVisualStudioVersion = 10.0.40219.1
Project("{FAE04EC0-301F-11D3-BF4B-00C04F79EFBC}") = "Demo07", "Demo07\Demo07.csproj", "{D97511EE-94DF-447E-BC2E-EB0369913649}"
EndProject
Project("{FAE04EC0-301F-11D3-BF4B-00C04F79EFBC}") = "T2", "T2\T2.csproj", "{258DA718-710F-48F7-9D90-B6E9EE4C6888}"
EndProject
Global
	GlobalSection(SolutionConfigurationPlatforms) = preSolution
		Debug|Any CPU = Debug|Any CPU
		Release|Any CPU = Release|Any CPU
	EndGlobalSection
	GlobalSection(ProjectConfigurationPlatforms) = postSolution
		{D97511EE-94DF-447E-BC2E-EB0369913649}.Debug|Any CPU.ActiveCfg = Debug|Any CPU
		{D97511EE-94DF-447E-BC2E-EB0369913649}.Debug|Any CPU.Build.0 = Debug|Any CPU
		{D97511EE-94DF-447E-BC2E-EB0369913649}.Release|Any CPU.ActiveCfg = Release|Any CPU
		{D97511EE-94DF-447E-BC2E-EB0369913649}.Release|Any CPU.Build.0 = Release|Any CPU
		{258DA718-710F-48F7-9D90-B6E9EE4C6888}.Debug|Any CPU.ActiveCfg = Debug|Any CPU
		{258DA718-710F-48F7-9D90-B6E9EE4C6888}.Debug|Any CPU.Build.0 = Debug|Any CPU
		{258DA718-710F-48F7-9D90-B6E9EE4C6888}.Release|Any CPU.ActiveCfg = Release|Any CPU
		{258DA718-710F-48F7-9D90-B6E9EE4C6888}.Release|Any CPU.Build.0 = Release|Any CPU
	EndGlobalSection
	GlobalSection(SolutionProperties) = preSolution
		HideSolutionNode = FALSE
	EndGlobalSection
EndGlobal
